
Microsoft Visual Studio Solution File, Format Version 12.00
# Visual Studio 2012
Project("{FAE04EC0-301F-11D3-BF4B-00C04F79EFBC}") = "Lisimba", "Lisimba\Lisimba.csproj", "{8D86FC79-5DF1-430A-A3D2-1B9C7D6295C6}"
EndProject
Project("{FAE04EC0-301F-11D3-BF4B-00C04F79EFBC}") = "Egg", "Egg\Egg.csproj", "{9381D002-2DD0-41B5-B676-3B0358B6EFF0}"
EndProject
Project("{FAE04EC0-301F-11D3-BF4B-00C04F79EFBC}") = "Desmond", "Desmond\Desmond.csproj", "{D38A5822-F1C6-40BD-B49B-980FA7B1D557}"
EndProject
Project("{FAE04EC0-301F-11D3-BF4B-00C04F79EFBC}") = "Lisimba.Tests", "Lisimba.Tests\Lisimba.Tests.csproj", "{367C4ADF-B8A3-4FCE-8049-E23FD802073E}"
EndProject
Global
	GlobalSection(SolutionConfigurationPlatforms) = preSolution
		Debug|Any CPU = Debug|Any CPU
		Release|Any CPU = Release|Any CPU
	EndGlobalSection
	GlobalSection(ProjectConfigurationPlatforms) = postSolution
		{8D86FC79-5DF1-430A-A3D2-1B9C7D6295C6}.Debug|Any CPU.ActiveCfg = Debug|Any CPU
		{8D86FC79-5DF1-430A-A3D2-1B9C7D6295C6}.Debug|Any CPU.Build.0 = Debug|Any CPU
		{8D86FC79-5DF1-430A-A3D2-1B9C7D6295C6}.Release|Any CPU.ActiveCfg = Release|Any CPU
		{8D86FC79-5DF1-430A-A3D2-1B9C7D6295C6}.Release|Any CPU.Build.0 = Release|Any CPU
		{9381D002-2DD0-41B5-B676-3B0358B6EFF0}.Debug|Any CPU.ActiveCfg = Debug|Any CPU
		{9381D002-2DD0-41B5-B676-3B0358B6EFF0}.Debug|Any CPU.Build.0 = Debug|Any CPU
		{9381D002-2DD0-41B5-B676-3B0358B6EFF0}.Release|Any CPU.ActiveCfg = Release|Any CPU
		{9381D002-2DD0-41B5-B676-3B0358B6EFF0}.Release|Any CPU.Build.0 = Release|Any CPU
		{D38A5822-F1C6-40BD-B49B-980FA7B1D557}.Debug|Any CPU.ActiveCfg = Debug|Any CPU
		{D38A5822-F1C6-40BD-B49B-980FA7B1D557}.Debug|Any CPU.Build.0 = Debug|Any CPU
		{D38A5822-F1C6-40BD-B49B-980FA7B1D557}.Release|Any CPU.ActiveCfg = Release|Any CPU
		{D38A5822-F1C6-40BD-B49B-980FA7B1D557}.Release|Any CPU.Build.0 = Release|Any CPU
		{367C4ADF-B8A3-4FCE-8049-E23FD802073E}.Debug|Any CPU.ActiveCfg = Debug|Any CPU
		{367C4ADF-B8A3-4FCE-8049-E23FD802073E}.Debug|Any CPU.Build.0 = Debug|Any CPU
		{367C4ADF-B8A3-4FCE-8049-E23FD802073E}.Release|Any CPU.ActiveCfg = Release|Any CPU
		{367C4ADF-B8A3-4FCE-8049-E23FD802073E}.Release|Any CPU.Build.0 = Release|Any CPU
	EndGlobalSection
	GlobalSection(SolutionProperties) = preSolution
		HideSolutionNode = FALSE
	EndGlobalSection
EndGlobal
