
Microsoft Visual Studio Solution File, Format Version 12.00
# Visual Studio 2013
VisualStudioVersion = 12.0.21005.1
MinimumVisualStudioVersion = 10.0.40219.1
Project("{FAE04EC0-301F-11D3-BF4B-00C04F79EFBC}") = "Lisimba.WinForms", "Lisimba.WinForms\Lisimba.WinForms.csproj", "{8D86FC79-5DF1-430A-A3D2-1B9C7D6295C6}"
	ProjectSection(ProjectDependencies) = postProject
		{9B7DB415-CB14-4865-9AED-C8A7B235B58F} = {9B7DB415-CB14-4865-9AED-C8A7B235B58F}
		{D2568067-DBF2-49A5-9672-9A76271CC6C3} = {D2568067-DBF2-49A5-9672-9A76271CC6C3}
		{652744F3-B7FA-43AD-80A9-6EFC86537817} = {652744F3-B7FA-43AD-80A9-6EFC86537817}
	EndProjectSection
EndProject
Project("{FAE04EC0-301F-11D3-BF4B-00C04F79EFBC}") = "Lisimba.Tests", "Lisimba.Tests\Lisimba.Tests.csproj", "{367C4ADF-B8A3-4FCE-8049-E23FD802073E}"
EndProject
Project("{FAE04EC0-301F-11D3-BF4B-00C04F79EFBC}") = "Lisimba.ZodiacSigns", "Lisimba.ZodiacSigns\Lisimba.ZodiacSigns.csproj", "{348216BD-DA3E-4DEC-9B9D-5FF14ED05722}"
EndProject
Project("{FAE04EC0-301F-11D3-BF4B-00C04F79EFBC}") = "Lisimba.YahooGate", "Lisimba.YahooGate\Lisimba.YahooGate.csproj", "{D2568067-DBF2-49A5-9672-9A76271CC6C3}"
EndProject
Project("{FAE04EC0-301F-11D3-BF4B-00C04F79EFBC}") = "Lisimba.CommandLine", "Lisimba.CommandLine\Lisimba.CommandLine.csproj", "{AFE9DB0D-D0D6-433C-ABBF-E58C9FA61276}"
	ProjectSection(ProjectDependencies) = postProject
		{9B7DB415-CB14-4865-9AED-C8A7B235B58F} = {9B7DB415-CB14-4865-9AED-C8A7B235B58F}
		{D2568067-DBF2-49A5-9672-9A76271CC6C3} = {D2568067-DBF2-49A5-9672-9A76271CC6C3}
		{652744F3-B7FA-43AD-80A9-6EFC86537817} = {652744F3-B7FA-43AD-80A9-6EFC86537817}
	EndProjectSection
EndProject
Project("{FAE04EC0-301F-11D3-BF4B-00C04F79EFBC}") = "Lisimba.Business", "Lisimba.Business\Lisimba.Business.csproj", "{878C348A-8754-4CAD-AB41-B63B3E157256}"
EndProject
Project("{FAE04EC0-301F-11D3-BF4B-00C04F79EFBC}") = "ConsoleCommon", "ConsoleCommon\ConsoleCommon.csproj", "{BDFCAD78-775A-478D-8BFF-6A986704AA0C}"
EndProject
Project("{FAE04EC0-301F-11D3-BF4B-00C04F79EFBC}") = "WinFormsCommon", "WinFormsCommon\WinFormsCommon.csproj", "{47CDB7C5-A066-45CF-BD3E-B6CA2FF72DB1}"
EndProject
Project("{FAE04EC0-301F-11D3-BF4B-00C04F79EFBC}") = "Lisimba.WinForms.ContactEditing", "Lisimba.WinForms.ContactEditing\Lisimba.WinForms.ContactEditing.csproj", "{FE04EE77-8675-4D62-AA62-C380C7770C20}"
EndProject
Project("{FAE04EC0-301F-11D3-BF4B-00C04F79EFBC}") = "Lisimba.Wpf", "Lisimba.Wpf\Lisimba.Wpf.csproj", "{49222E98-FD9E-4C17-9710-19D681D8FAE8}"
	ProjectSection(ProjectDependencies) = postProject
		{9B7DB415-CB14-4865-9AED-C8A7B235B58F} = {9B7DB415-CB14-4865-9AED-C8A7B235B58F}
		{D2568067-DBF2-49A5-9672-9A76271CC6C3} = {D2568067-DBF2-49A5-9672-9A76271CC6C3}
		{652744F3-B7FA-43AD-80A9-6EFC86537817} = {652744F3-B7FA-43AD-80A9-6EFC86537817}
	EndProjectSection
EndProject
Project("{FAE04EC0-301F-11D3-BF4B-00C04F79EFBC}") = "Lisimba.RandomUserGate", "Lisimba.RandomUserGate\Lisimba.RandomUserGate.csproj", "{9B7DB415-CB14-4865-9AED-C8A7B235B58F}"
EndProject
Project("{FAE04EC0-301F-11D3-BF4B-00C04F79EFBC}") = "Lisimba.LisimbaGate", "Lisimba.LisimbaGate\Lisimba.LisimbaGate.csproj", "{652744F3-B7FA-43AD-80A9-6EFC86537817}"
EndProject
Global
	GlobalSection(SolutionConfigurationPlatforms) = preSolution
		Debug|Any CPU = Debug|Any CPU
		Release|Any CPU = Release|Any CPU
	EndGlobalSection
	GlobalSection(ProjectConfigurationPlatforms) = postSolution
		{8D86FC79-5DF1-430A-A3D2-1B9C7D6295C6}.Debug|Any CPU.ActiveCfg = Debug|Any CPU
		{8D86FC79-5DF1-430A-A3D2-1B9C7D6295C6}.Debug|Any CPU.Build.0 = Debug|Any CPU
		{8D86FC79-5DF1-430A-A3D2-1B9C7D6295C6}.Release|Any CPU.ActiveCfg = Release|Any CPU
		{8D86FC79-5DF1-430A-A3D2-1B9C7D6295C6}.Release|Any CPU.Build.0 = Release|Any CPU
		{367C4ADF-B8A3-4FCE-8049-E23FD802073E}.Debug|Any CPU.ActiveCfg = Debug|Any CPU
		{367C4ADF-B8A3-4FCE-8049-E23FD802073E}.Debug|Any CPU.Build.0 = Debug|Any CPU
		{367C4ADF-B8A3-4FCE-8049-E23FD802073E}.Release|Any CPU.ActiveCfg = Release|Any CPU
		{367C4ADF-B8A3-4FCE-8049-E23FD802073E}.Release|Any CPU.Build.0 = Release|Any CPU
		{348216BD-DA3E-4DEC-9B9D-5FF14ED05722}.Debug|Any CPU.ActiveCfg = Debug|Any CPU
		{348216BD-DA3E-4DEC-9B9D-5FF14ED05722}.Debug|Any CPU.Build.0 = Debug|Any CPU
		{348216BD-DA3E-4DEC-9B9D-5FF14ED05722}.Release|Any CPU.ActiveCfg = Release|Any CPU
		{348216BD-DA3E-4DEC-9B9D-5FF14ED05722}.Release|Any CPU.Build.0 = Release|Any CPU
		{D2568067-DBF2-49A5-9672-9A76271CC6C3}.Debug|Any CPU.ActiveCfg = Debug|Any CPU
		{D2568067-DBF2-49A5-9672-9A76271CC6C3}.Debug|Any CPU.Build.0 = Debug|Any CPU
		{D2568067-DBF2-49A5-9672-9A76271CC6C3}.Release|Any CPU.ActiveCfg = Release|Any CPU
		{D2568067-DBF2-49A5-9672-9A76271CC6C3}.Release|Any CPU.Build.0 = Release|Any CPU
		{AFE9DB0D-D0D6-433C-ABBF-E58C9FA61276}.Debug|Any CPU.ActiveCfg = Debug|Any CPU
		{AFE9DB0D-D0D6-433C-ABBF-E58C9FA61276}.Debug|Any CPU.Build.0 = Debug|Any CPU
		{AFE9DB0D-D0D6-433C-ABBF-E58C9FA61276}.Release|Any CPU.ActiveCfg = Release|Any CPU
		{AFE9DB0D-D0D6-433C-ABBF-E58C9FA61276}.Release|Any CPU.Build.0 = Release|Any CPU
		{878C348A-8754-4CAD-AB41-B63B3E157256}.Debug|Any CPU.ActiveCfg = Debug|Any CPU
		{878C348A-8754-4CAD-AB41-B63B3E157256}.Debug|Any CPU.Build.0 = Debug|Any CPU
		{878C348A-8754-4CAD-AB41-B63B3E157256}.Release|Any CPU.ActiveCfg = Release|Any CPU
		{878C348A-8754-4CAD-AB41-B63B3E157256}.Release|Any CPU.Build.0 = Release|Any CPU
		{BDFCAD78-775A-478D-8BFF-6A986704AA0C}.Debug|Any CPU.ActiveCfg = Debug|Any CPU
		{BDFCAD78-775A-478D-8BFF-6A986704AA0C}.Debug|Any CPU.Build.0 = Debug|Any CPU
		{BDFCAD78-775A-478D-8BFF-6A986704AA0C}.Release|Any CPU.ActiveCfg = Release|Any CPU
		{BDFCAD78-775A-478D-8BFF-6A986704AA0C}.Release|Any CPU.Build.0 = Release|Any CPU
		{47CDB7C5-A066-45CF-BD3E-B6CA2FF72DB1}.Debug|Any CPU.ActiveCfg = Debug|Any CPU
		{47CDB7C5-A066-45CF-BD3E-B6CA2FF72DB1}.Debug|Any CPU.Build.0 = Debug|Any CPU
		{47CDB7C5-A066-45CF-BD3E-B6CA2FF72DB1}.Release|Any CPU.ActiveCfg = Release|Any CPU
		{47CDB7C5-A066-45CF-BD3E-B6CA2FF72DB1}.Release|Any CPU.Build.0 = Release|Any CPU
		{FE04EE77-8675-4D62-AA62-C380C7770C20}.Debug|Any CPU.ActiveCfg = Debug|Any CPU
		{FE04EE77-8675-4D62-AA62-C380C7770C20}.Debug|Any CPU.Build.0 = Debug|Any CPU
		{FE04EE77-8675-4D62-AA62-C380C7770C20}.Release|Any CPU.ActiveCfg = Release|Any CPU
		{FE04EE77-8675-4D62-AA62-C380C7770C20}.Release|Any CPU.Build.0 = Release|Any CPU
		{49222E98-FD9E-4C17-9710-19D681D8FAE8}.Debug|Any CPU.ActiveCfg = Debug|Any CPU
		{49222E98-FD9E-4C17-9710-19D681D8FAE8}.Debug|Any CPU.Build.0 = Debug|Any CPU
		{49222E98-FD9E-4C17-9710-19D681D8FAE8}.Release|Any CPU.ActiveCfg = Release|Any CPU
		{49222E98-FD9E-4C17-9710-19D681D8FAE8}.Release|Any CPU.Build.0 = Release|Any CPU
		{9B7DB415-CB14-4865-9AED-C8A7B235B58F}.Debug|Any CPU.ActiveCfg = Debug|Any CPU
		{9B7DB415-CB14-4865-9AED-C8A7B235B58F}.Debug|Any CPU.Build.0 = Debug|Any CPU
		{9B7DB415-CB14-4865-9AED-C8A7B235B58F}.Release|Any CPU.ActiveCfg = Release|Any CPU
		{9B7DB415-CB14-4865-9AED-C8A7B235B58F}.Release|Any CPU.Build.0 = Release|Any CPU
		{652744F3-B7FA-43AD-80A9-6EFC86537817}.Debug|Any CPU.ActiveCfg = Debug|Any CPU
		{652744F3-B7FA-43AD-80A9-6EFC86537817}.Debug|Any CPU.Build.0 = Debug|Any CPU
		{652744F3-B7FA-43AD-80A9-6EFC86537817}.Release|Any CPU.ActiveCfg = Release|Any CPU
		{652744F3-B7FA-43AD-80A9-6EFC86537817}.Release|Any CPU.Build.0 = Release|Any CPU
	EndGlobalSection
	GlobalSection(SolutionProperties) = preSolution
		HideSolutionNode = FALSE
	EndGlobalSection
EndGlobal
