
Microsoft Visual Studio Solution File, Format Version 12.00
# Visual Studio 2013
VisualStudioVersion = 12.0.31101.0
MinimumVisualStudioVersion = 10.0.40219.1
Project("{FAE04EC0-301F-11D3-BF4B-00C04F79EFBC}") = "Lisimba", "Lisimba\Lisimba.csproj", "{8D86FC79-5DF1-430A-A3D2-1B9C7D6295C6}"
EndProject
Project("{FAE04EC0-301F-11D3-BF4B-00C04F79EFBC}") = "Lisimba.Egg", "Lisimba.Egg\Lisimba.Egg.csproj", "{9381D002-2DD0-41B5-B676-3B0358B6EFF0}"
EndProject
Project("{FAE04EC0-301F-11D3-BF4B-00C04F79EFBC}") = "Desmond", "Desmond\Desmond.csproj", "{D38A5822-F1C6-40BD-B49B-980FA7B1D557}"
EndProject
Project("{FAE04EC0-301F-11D3-BF4B-00C04F79EFBC}") = "Lisimba.Tests", "Lisimba.Tests\Lisimba.Tests.csproj", "{367C4ADF-B8A3-4FCE-8049-E23FD802073E}"
EndProject
Project("{F088123C-0E9E-452A-89E6-6BA2F21D5CAC}") = "ModelingProject1", "ModelingProject1\ModelingProject1.modelproj", "{7C5E798B-27CE-4FC2-BA70-C814FFEB26BE}"
EndProject
Project("{FAE04EC0-301F-11D3-BF4B-00C04F79EFBC}") = "Lisimba.ZodiacSigns", "Lisimba.ZodiacSigns\Lisimba.ZodiacSigns.csproj", "{348216BD-DA3E-4DEC-9B9D-5FF14ED05722}"
EndProject
Project("{FAE04EC0-301F-11D3-BF4B-00C04F79EFBC}") = "Lisimba.YahooGate", "Lisimba.YahooGate\Lisimba.YahooGate.csproj", "{D2568067-DBF2-49A5-9672-9A76271CC6C3}"
EndProject
Project("{FAE04EC0-301F-11D3-BF4B-00C04F79EFBC}") = "Lisimba.ZipXmlGate", "Lisimba.ZipXmlGate\Lisimba.ZipXmlGate.csproj", "{652744F3-B7FA-43AD-80A9-6EFC86537817}"
EndProject
Global
	GlobalSection(SolutionConfigurationPlatforms) = preSolution
		Debug|Any CPU = Debug|Any CPU
		Release|Any CPU = Release|Any CPU
	EndGlobalSection
	GlobalSection(ProjectConfigurationPlatforms) = postSolution
		{8D86FC79-5DF1-430A-A3D2-1B9C7D6295C6}.Debug|Any CPU.ActiveCfg = Debug|Any CPU
		{8D86FC79-5DF1-430A-A3D2-1B9C7D6295C6}.Debug|Any CPU.Build.0 = Debug|Any CPU
		{8D86FC79-5DF1-430A-A3D2-1B9C7D6295C6}.Release|Any CPU.ActiveCfg = Release|Any CPU
		{8D86FC79-5DF1-430A-A3D2-1B9C7D6295C6}.Release|Any CPU.Build.0 = Release|Any CPU
		{9381D002-2DD0-41B5-B676-3B0358B6EFF0}.Debug|Any CPU.ActiveCfg = Debug|Any CPU
		{9381D002-2DD0-41B5-B676-3B0358B6EFF0}.Debug|Any CPU.Build.0 = Debug|Any CPU
		{9381D002-2DD0-41B5-B676-3B0358B6EFF0}.Release|Any CPU.ActiveCfg = Release|Any CPU
		{9381D002-2DD0-41B5-B676-3B0358B6EFF0}.Release|Any CPU.Build.0 = Release|Any CPU
		{D38A5822-F1C6-40BD-B49B-980FA7B1D557}.Debug|Any CPU.ActiveCfg = Debug|Any CPU
		{D38A5822-F1C6-40BD-B49B-980FA7B1D557}.Debug|Any CPU.Build.0 = Debug|Any CPU
		{D38A5822-F1C6-40BD-B49B-980FA7B1D557}.Release|Any CPU.ActiveCfg = Release|Any CPU
		{D38A5822-F1C6-40BD-B49B-980FA7B1D557}.Release|Any CPU.Build.0 = Release|Any CPU
		{367C4ADF-B8A3-4FCE-8049-E23FD802073E}.Debug|Any CPU.ActiveCfg = Debug|Any CPU
		{367C4ADF-B8A3-4FCE-8049-E23FD802073E}.Debug|Any CPU.Build.0 = Debug|Any CPU
		{367C4ADF-B8A3-4FCE-8049-E23FD802073E}.Release|Any CPU.ActiveCfg = Release|Any CPU
		{367C4ADF-B8A3-4FCE-8049-E23FD802073E}.Release|Any CPU.Build.0 = Release|Any CPU
		{7C5E798B-27CE-4FC2-BA70-C814FFEB26BE}.Debug|Any CPU.ActiveCfg = Debug|Any CPU
		{7C5E798B-27CE-4FC2-BA70-C814FFEB26BE}.Debug|Any CPU.Build.0 = Debug|Any CPU
		{7C5E798B-27CE-4FC2-BA70-C814FFEB26BE}.Release|Any CPU.ActiveCfg = Release|Any CPU
		{7C5E798B-27CE-4FC2-BA70-C814FFEB26BE}.Release|Any CPU.Build.0 = Release|Any CPU
		{348216BD-DA3E-4DEC-9B9D-5FF14ED05722}.Debug|Any CPU.ActiveCfg = Debug|Any CPU
		{348216BD-DA3E-4DEC-9B9D-5FF14ED05722}.Debug|Any CPU.Build.0 = Debug|Any CPU
		{348216BD-DA3E-4DEC-9B9D-5FF14ED05722}.Release|Any CPU.ActiveCfg = Release|Any CPU
		{348216BD-DA3E-4DEC-9B9D-5FF14ED05722}.Release|Any CPU.Build.0 = Release|Any CPU
		{D2568067-DBF2-49A5-9672-9A76271CC6C3}.Debug|Any CPU.ActiveCfg = Debug|Any CPU
		{D2568067-DBF2-49A5-9672-9A76271CC6C3}.Debug|Any CPU.Build.0 = Debug|Any CPU
		{D2568067-DBF2-49A5-9672-9A76271CC6C3}.Release|Any CPU.ActiveCfg = Release|Any CPU
		{D2568067-DBF2-49A5-9672-9A76271CC6C3}.Release|Any CPU.Build.0 = Release|Any CPU
		{652744F3-B7FA-43AD-80A9-6EFC86537817}.Debug|Any CPU.ActiveCfg = Debug|Any CPU
		{652744F3-B7FA-43AD-80A9-6EFC86537817}.Debug|Any CPU.Build.0 = Debug|Any CPU
		{652744F3-B7FA-43AD-80A9-6EFC86537817}.Release|Any CPU.ActiveCfg = Release|Any CPU
		{652744F3-B7FA-43AD-80A9-6EFC86537817}.Release|Any CPU.Build.0 = Release|Any CPU
	EndGlobalSection
	GlobalSection(SolutionProperties) = preSolution
		HideSolutionNode = FALSE
	EndGlobalSection
EndGlobal
